{
  "name": "wanductbot",
  "version": "1.0.0",
  "lockfileVersion": 2,
  "requires": true,
  "packages": {
    "": {
      "name": "wanductbot",
      "version": "1.0.0",
      "license": "MIT",
      "dependencies": {
        "cron": "^1.8.2",
        "dank-twitch-irc": "^4.3.0",
        "ghor": "^1.0.0",
        "supi-core-query": "github:notnotquinn/supi-core#wanduct-dependant"
      },
      "devDependencies": {
        "@types/cron": "^1.7.2",
        "@types/node-cron": "^2.0.3"
      }
    },
    "node_modules/@types/cron": {
      "version": "1.7.2",
      "resolved": "https://registry.npmjs.org/@types/cron/-/cron-1.7.2.tgz",
      "integrity": "sha512-AEpNLRcsVSc5AdseJKNHpz0d4e8+ow+abTaC0fKDbAU86rF1evoFF0oC2fV9FdqtfVXkG2LKshpLTJCFOpyvTg==",
      "dev": true,
      "dependencies": {
        "@types/node": "*",
        "moment": ">=2.14.0"
      }
    },
    "node_modules/@types/debug": {
      "version": "4.1.5",
      "resolved": "https://registry.npmjs.org/@types/debug/-/debug-4.1.5.tgz",
      "integrity": "sha512-Q1y515GcOdTHgagaVFhHnIFQ38ygs/kmxdNpvpou+raI9UO3YZcHDngBSYKQklcKlvA7iuQlmIKbzvmxcOE9CQ=="
    },
    "node_modules/@types/duplexify": {
      "version": "3.6.0",
      "resolved": "https://registry.npmjs.org/@types/duplexify/-/duplexify-3.6.0.tgz",
      "integrity": "sha512-5zOA53RUlzN74bvrSGwjudssD9F3a797sDZQkiYpUOxW+WHaXTCPz4/d5Dgi6FKnOqZ2CpaTo0DhgIfsXAOE/A==",
      "dependencies": {
        "@types/node": "*"
      }
    },
    "node_modules/@types/geojson": {
      "version": "7946.0.7",
      "resolved": "https://registry.npmjs.org/@types/geojson/-/geojson-7946.0.7.tgz",
      "integrity": "sha512-wE2v81i4C4Ol09RtsWFAqg3BUitWbHSpSlIo+bNdsCJijO9sjme+zm+73ZMCa/qMC8UEERxzGbvmr1cffo2SiQ=="
    },
    "node_modules/@types/node": {
      "version": "15.0.1",
      "resolved": "https://registry.npmjs.org/@types/node/-/node-15.0.1.tgz",
      "integrity": "sha512-TMkXt0Ck1y0KKsGr9gJtWGjttxlZnnvDtphxUOSd0bfaR6Q1jle+sPvrzNR1urqYTWMinoKvjKfXUGsumaO1PA=="
    },
    "node_modules/@types/node-cron": {
      "version": "2.0.3",
      "resolved": "https://registry.npmjs.org/@types/node-cron/-/node-cron-2.0.3.tgz",
      "integrity": "sha512-gwBBGeY2XeYBLE0R01K9Sm2hvNcPGmoloL6aqthA3QmBB1GYXTHIJ42AGZL7bdXBRiwbRV8b6NB5iKpl20R3gw==",
      "dev": true,
      "dependencies": {
        "@types/tz-offset": "*"
      }
    },
    "node_modules/@types/tz-offset": {
      "version": "0.0.0",
      "resolved": "https://registry.npmjs.org/@types/tz-offset/-/tz-offset-0.0.0.tgz",
      "integrity": "sha512-XLD/llTSB6EBe3thkN+/I0L+yCTB6sjrcVovQdx2Cnl6N6bTzHmwe/J8mWnsXFgxLrj/emzdv8IR4evKYG2qxQ==",
      "dev": true
    },
    "node_modules/array-uniq": {
      "version": "1.0.2",
      "resolved": "https://registry.npmjs.org/array-uniq/-/array-uniq-1.0.2.tgz",
      "integrity": "sha1-X8w3OSB3VyPP1k1lxkvvU7+eum0=",
      "engines": {
        "node": ">=0.10.0"
      }
    },
    "node_modules/cron": {
      "version": "1.8.2",
      "resolved": "https://registry.npmjs.org/cron/-/cron-1.8.2.tgz",
      "integrity": "sha512-Gk2c4y6xKEO8FSAUTklqtfSr7oTq0CiPQeLBG5Fl0qoXpZyMcj1SG59YL+hqq04bu6/IuEA7lMkYDAplQNKkyg==",
      "dependencies": {
        "moment-timezone": "^0.5.x"
      }
    },
    "node_modules/dank-twitch-irc": {
      "version": "4.3.0",
      "resolved": "https://registry.npmjs.org/dank-twitch-irc/-/dank-twitch-irc-4.3.0.tgz",
      "integrity": "sha512-6ezjPDzwhOhifsiUhllmojlmkrDwMS/TbFVdVOTtq1KcKBzDYPAcpZN8d1jUUf1ICWVu85Dx9Xe66gErbabTYA==",
      "dependencies": {
        "@types/debug": "^4.1.5",
        "@types/duplexify": "^3.6.0",
        "debug-logger": "^0.4.1",
        "duplexify": "^4.1.1",
        "eventemitter3": "^4.0.7",
        "lodash.camelcase": "^4.3.0",
        "lodash.pickby": "^4.6.0",
        "make-error-cause": "^2.3.0",
        "ms": "^2.1.3",
        "randomstring": "^1.1.5",
        "semaphore-async-await": "^1.5.1",
        "simple-websocket": "^9.0.0",
        "split2": "^3.2.1",
        "ts-toolbelt": "^8.0.3"
      }
    },
    "node_modules/debug": {
      "version": "2.6.9",
      "resolved": "https://registry.npmjs.org/debug/-/debug-2.6.9.tgz",
      "integrity": "sha512-bC7ElrdJaJnPbAP+1EotYvqZsb3ecl5wi6Bfi6BJTUcNowp6cvspg0jXznRTKDjm/E7AdgFBVeAPVMNcKGsHMA==",
      "dependencies": {
        "ms": "2.0.0"
      }
    },
    "node_modules/debug-logger": {
      "version": "0.4.1",
      "resolved": "https://registry.npmjs.org/debug-logger/-/debug-logger-0.4.1.tgz",
      "integrity": "sha1-4zhJw2njzTYbULKZ1xylIkuqGuE=",
      "dependencies": {
        "debug": "^2.1.0"
      }
    },
    "node_modules/debug/node_modules/ms": {
      "version": "2.0.0",
      "resolved": "https://registry.npmjs.org/ms/-/ms-2.0.0.tgz",
      "integrity": "sha1-VgiurfwAvmwpAd9fmGF4jeDVl8g="
    },
    "node_modules/denque": {
      "version": "1.5.0",
      "resolved": "https://registry.npmjs.org/denque/-/denque-1.5.0.tgz",
      "integrity": "sha512-CYiCSgIF1p6EUByQPlGkKnP1M9g0ZV3qMIrqMqZqdwazygIA/YP2vrbcyl1h/WppKJTdl1F85cXIle+394iDAQ==",
      "engines": {
        "node": ">=0.10"
      }
    },
    "node_modules/duplexify": {
      "version": "4.1.1",
      "resolved": "https://registry.npmjs.org/duplexify/-/duplexify-4.1.1.tgz",
      "integrity": "sha512-DY3xVEmVHTv1wSzKNbwoU6nVjzI369Y6sPoqfYr0/xlx3IdX2n94xIszTcjPO8W8ZIv0Wb0PXNcjuZyT4wiICA==",
      "dependencies": {
        "end-of-stream": "^1.4.1",
        "inherits": "^2.0.3",
        "readable-stream": "^3.1.1",
        "stream-shift": "^1.0.0"
      }
    },
    "node_modules/end-of-stream": {
      "version": "1.4.4",
      "resolved": "https://registry.npmjs.org/end-of-stream/-/end-of-stream-1.4.4.tgz",
      "integrity": "sha512-+uw1inIHVPQoaVuHzRyXd21icM+cnt4CzD5rW+NC1wjOUSTOs+Te7FOv7AhN7vS9x/oIyhLP5PR1H+phQAHu5Q==",
      "dependencies": {
        "once": "^1.4.0"
      }
    },
    "node_modules/eventemitter3": {
      "version": "4.0.7",
      "resolved": "https://registry.npmjs.org/eventemitter3/-/eventemitter3-4.0.7.tgz",
      "integrity": "sha512-8guHBZCwKnFhYdHr2ysuRWErTwhoN2X8XELRlrRwpmfeY2jjuUN4taQMsULKUVo1K4DvZl+0pgfyoysHxvmvEw=="
    },
    "node_modules/ghor": {
      "version": "1.0.0",
      "resolved": "https://registry.npmjs.org/ghor/-/ghor-1.0.0.tgz",
      "integrity": "sha512-YOE+3sNXP/7uHCTLdxDUzEhy/cA9WhRxCgoGNo04p3sJRnlYCTTECYHMtLIfjryitZpLN70teWmWe4hShVaGfw=="
    },
    "node_modules/iconv-lite": {
      "version": "0.6.2",
      "resolved": "https://registry.npmjs.org/iconv-lite/-/iconv-lite-0.6.2.tgz",
      "integrity": "sha512-2y91h5OpQlolefMPmUlivelittSWy0rP+oYVpn6A7GwVHNE8AWzoYOBNmlwks3LobaJxgHCYZAnyNo2GgpNRNQ==",
      "dependencies": {
        "safer-buffer": ">= 2.1.2 < 3.0.0"
      },
      "engines": {
        "node": ">=0.10.0"
      }
    },
    "node_modules/inherits": {
      "version": "2.0.4",
      "resolved": "https://registry.npmjs.org/inherits/-/inherits-2.0.4.tgz",
      "integrity": "sha512-k/vGaX4/Yla3WzyMCvTQOXYeIHvqOKtnqBduzTHpzpQZzAskKMhZ2K+EnBiSM9zGSoIFeMpXKxa4dYeZIQqewQ=="
    },
    "node_modules/lodash.camelcase": {
      "version": "4.3.0",
      "resolved": "https://registry.npmjs.org/lodash.camelcase/-/lodash.camelcase-4.3.0.tgz",
      "integrity": "sha1-soqmKIorn8ZRA1x3EfZathkDMaY="
    },
    "node_modules/lodash.pickby": {
      "version": "4.6.0",
      "resolved": "https://registry.npmjs.org/lodash.pickby/-/lodash.pickby-4.6.0.tgz",
      "integrity": "sha1-feoh2MGNdwOifHBMFdO4SmfjOv8="
    },
    "node_modules/long": {
      "version": "4.0.0",
      "resolved": "https://registry.npmjs.org/long/-/long-4.0.0.tgz",
      "integrity": "sha512-XsP+KhQif4bjX1kbuSiySJFNAehNxgLb6hPRGJ9QsUr8ajHkuXGdrHmFUTUUXhDwVX2R5bY4JNZEwbUiMhV+MA=="
    },
    "node_modules/make-error": {
      "version": "1.3.6",
      "resolved": "https://registry.npmjs.org/make-error/-/make-error-1.3.6.tgz",
      "integrity": "sha512-s8UhlNe7vPKomQhC1qFelMokr/Sc3AgNbso3n74mVPA5LTZwkB9NlXf4XPamLxJE8h0gh73rM94xvwRT2CVInw=="
    },
    "node_modules/make-error-cause": {
      "version": "2.3.0",
      "resolved": "https://registry.npmjs.org/make-error-cause/-/make-error-cause-2.3.0.tgz",
      "integrity": "sha512-etgt+n4LlOkGSJbBTV9VROHA5R7ekIPS4vfh+bCAoJgRrJWdqJCBbpS3osRJ/HrT7R68MzMiY3L3sDJ/Fd8aBg==",
      "dependencies": {
        "make-error": "^1.3.5"
      }
    },
    "node_modules/mariadb": {
      "version": "2.5.3",
      "resolved": "https://registry.npmjs.org/mariadb/-/mariadb-2.5.3.tgz",
      "integrity": "sha512-9ZbQ1zLqasLCQy6KDcPHtX7EUIMBlQ8p64gNR61+yfpCIWjPDji3aR56LvwbOz1QnQbVgYBOJ4J/pHoFN5MR+w==",
      "dependencies": {
        "@types/geojson": "^7946.0.7",
        "@types/node": "^14.14.28",
        "denque": "^1.4.1",
        "iconv-lite": "^0.6.2",
        "long": "^4.0.0",
        "moment-timezone": "^0.5.33",
        "please-upgrade-node": "^3.2.0"
      },
      "engines": {
        "node": ">= 10.13"
      }
    },
    "node_modules/mariadb/node_modules/@types/node": {
      "version": "14.14.45",
      "resolved": "https://registry.npmjs.org/@types/node/-/node-14.14.45.tgz",
      "integrity": "sha512-DssMqTV9UnnoxDWu959sDLZzfvqCF0qDNRjaWeYSui9xkFe61kKo4l1TWNTQONpuXEm+gLMRvdlzvNHBamzmEw=="
    },
    "node_modules/moment": {
      "version": "2.29.1",
      "resolved": "https://registry.npmjs.org/moment/-/moment-2.29.1.tgz",
      "integrity": "sha512-kHmoybcPV8Sqy59DwNDY3Jefr64lK/by/da0ViFcuA4DH0vQg5Q6Ze5VimxkfQNSC+Mls/Kx53s7TjP1RhFEDQ==",
      "engines": {
        "node": "*"
      }
    },
    "node_modules/moment-timezone": {
      "version": "0.5.33",
      "resolved": "https://registry.npmjs.org/moment-timezone/-/moment-timezone-0.5.33.tgz",
      "integrity": "sha512-PTc2vcT8K9J5/9rDEPe5czSIKgLoGsH8UNpA4qZTVw0Vd/Uz19geE9abbIOQKaAQFcnQ3v5YEXrbSc5BpshH+w==",
      "dependencies": {
        "moment": ">= 2.9.0"
      },
      "engines": {
        "node": "*"
      }
    },
    "node_modules/ms": {
      "version": "2.1.3",
      "resolved": "https://registry.npmjs.org/ms/-/ms-2.1.3.tgz",
      "integrity": "sha512-6FlzubTLZG3J2a/NVCAleEhjzq5oxgHyaCU9yYXvcLsvoVaHJq/s5xXI6/XXP6tz7R9xAOtHnSO/tXtF3WRTlA=="
    },
    "node_modules/once": {
      "version": "1.4.0",
      "resolved": "https://registry.npmjs.org/once/-/once-1.4.0.tgz",
      "integrity": "sha1-WDsap3WWHUsROsF9nFC6753Xa9E=",
      "dependencies": {
        "wrappy": "1"
      }
    },
    "node_modules/please-upgrade-node": {
      "version": "3.2.0",
      "resolved": "https://registry.npmjs.org/please-upgrade-node/-/please-upgrade-node-3.2.0.tgz",
      "integrity": "sha512-gQR3WpIgNIKwBMVLkpMUeR3e1/E1y42bqDQZfql+kDeXd8COYfM8PQA4X6y7a8u9Ua9FHmsrrmirW2vHs45hWg==",
      "dependencies": {
        "semver-compare": "^1.0.0"
      }
    },
    "node_modules/queue-microtask": {
      "version": "1.2.3",
      "resolved": "https://registry.npmjs.org/queue-microtask/-/queue-microtask-1.2.3.tgz",
      "integrity": "sha512-NuaNSa6flKT5JaSYQzJok04JzTL1CA6aGhv5rfLW3PgqA+M2ChpZQnAC8h8i4ZFkBS8X5RqkDBHA7r4hej3K9A=="
    },
    "node_modules/randombytes": {
      "version": "2.1.0",
      "resolved": "https://registry.npmjs.org/randombytes/-/randombytes-2.1.0.tgz",
      "integrity": "sha512-vYl3iOX+4CKUWuxGi9Ukhie6fsqXqS9FE2Zaic4tNFD2N2QQaXOMFbuKK4QmDHC0JO6B1Zp41J0LpT0oR68amQ==",
      "dependencies": {
        "safe-buffer": "^5.1.0"
      }
    },
    "node_modules/randomstring": {
      "version": "1.1.5",
      "resolved": "https://registry.npmjs.org/randomstring/-/randomstring-1.1.5.tgz",
      "integrity": "sha1-bfBij3XL1ZMpMNn+OrTpVqGFGMM=",
      "dependencies": {
        "array-uniq": "1.0.2"
      },
      "bin": {
        "randomstring": "bin/randomstring"
      },
      "engines": {
        "node": "*"
      }
    },
    "node_modules/readable-stream": {
      "version": "3.6.0",
      "resolved": "https://registry.npmjs.org/readable-stream/-/readable-stream-3.6.0.tgz",
      "integrity": "sha512-BViHy7LKeTz4oNnkcLJ+lVSL6vpiFeX6/d3oSH8zCW7UxP2onchk+vTGB143xuFjHS3deTgkKoXXymXqymiIdA==",
      "dependencies": {
        "inherits": "^2.0.3",
        "string_decoder": "^1.1.1",
        "util-deprecate": "^1.0.1"
      },
      "engines": {
        "node": ">= 6"
      }
    },
    "node_modules/safe-buffer": {
      "version": "5.2.1",
      "resolved": "https://registry.npmjs.org/safe-buffer/-/safe-buffer-5.2.1.tgz",
      "integrity": "sha512-rp3So07KcdmmKbGvgaNxQSJr7bGVSVk5S9Eq1F+ppbRo70+YeaDxkw5Dd8NPN+GD6bjnYm2VuPuCXmpuYvmCXQ=="
    },
    "node_modules/safer-buffer": {
      "version": "2.1.2",
      "resolved": "https://registry.npmjs.org/safer-buffer/-/safer-buffer-2.1.2.tgz",
      "integrity": "sha512-YZo3K82SD7Riyi0E1EQPojLz7kpepnSQI9IyPbHHg1XXXevb5dJI7tpyN2ADxGcQbHG7vcyRHk0cbwqcQriUtg=="
    },
    "node_modules/semaphore-async-await": {
      "version": "1.5.1",
      "resolved": "https://registry.npmjs.org/semaphore-async-await/-/semaphore-async-await-1.5.1.tgz",
      "integrity": "sha1-hXvvXjZEYBykuVcLh+nfXKEpdPo=",
      "engines": {
        "node": ">=4.1"
      }
    },
    "node_modules/semver-compare": {
      "version": "1.0.0",
      "resolved": "https://registry.npmjs.org/semver-compare/-/semver-compare-1.0.0.tgz",
      "integrity": "sha1-De4hahyUGrN+nvsXiPavxf9VN/w="
    },
    "node_modules/simple-websocket": {
      "version": "9.1.0",
      "resolved": "https://registry.npmjs.org/simple-websocket/-/simple-websocket-9.1.0.tgz",
      "integrity": "sha512-8MJPnjRN6A8UCp1I+H/dSFyjwJhp6wta4hsVRhjf8w9qBHRzxYt14RaOcjvQnhD1N4yKOddEjflwMnQM4VtXjQ==",
      "dependencies": {
        "debug": "^4.3.1",
        "queue-microtask": "^1.2.2",
        "randombytes": "^2.1.0",
        "readable-stream": "^3.6.0",
        "ws": "^7.4.2"
      }
    },
    "node_modules/simple-websocket/node_modules/debug": {
      "version": "4.3.1",
      "resolved": "https://registry.npmjs.org/debug/-/debug-4.3.1.tgz",
      "integrity": "sha512-doEwdvm4PCeK4K3RQN2ZC2BYUBaxwLARCqZmMjtF8a51J2Rb0xpVloFRnCODwqjpwnAoao4pelN8l3RJdv3gRQ==",
      "dependencies": {
        "ms": "2.1.2"
      },
      "engines": {
        "node": ">=6.0"
      }
    },
    "node_modules/simple-websocket/node_modules/ms": {
      "version": "2.1.2",
      "resolved": "https://registry.npmjs.org/ms/-/ms-2.1.2.tgz",
      "integrity": "sha512-sGkPx+VjMtmA6MX27oA4FBFELFCZZ4S4XqeGOXCv68tT+jb3vk/RyaKWP0PTKyWtmLSM0b+adUTEvbs1PEaH2w=="
    },
    "node_modules/split2": {
      "version": "3.2.2",
      "resolved": "https://registry.npmjs.org/split2/-/split2-3.2.2.tgz",
      "integrity": "sha512-9NThjpgZnifTkJpzTZ7Eue85S49QwpNhZTq6GRJwObb6jnLFNGB7Qm73V5HewTROPyxD0C29xqmaI68bQtV+hg==",
      "dependencies": {
        "readable-stream": "^3.0.0"
      }
    },
    "node_modules/stream-shift": {
      "version": "1.0.1",
      "resolved": "https://registry.npmjs.org/stream-shift/-/stream-shift-1.0.1.tgz",
      "integrity": "sha512-AiisoFqQ0vbGcZgQPY1cdP2I76glaVA/RauYR4G4thNFgkTqr90yXTo4LYX60Jl+sIlPNHHdGSwo01AvbKUSVQ=="
    },
    "node_modules/string_decoder": {
      "version": "1.3.0",
      "resolved": "https://registry.npmjs.org/string_decoder/-/string_decoder-1.3.0.tgz",
      "integrity": "sha512-hkRX8U1WjJFd8LsDJ2yQ/wWWxaopEsABU1XfkM8A+j0+85JAGppt16cr1Whg6KIbb4okU6Mql6BOj+uup/wKeA==",
      "dependencies": {
        "safe-buffer": "~5.2.0"
      }
    },
    "node_modules/supi-core-query": {
      "resolved": "git+ssh://git@github.com/notnotquinn/supi-core.git#79c2aa425ee9c6e16a21c8faab9125062df691b6",
      "dependencies": {
        "mariadb": "^2.5.2"
      }
    },
    "node_modules/ts-toolbelt": {
      "version": "8.4.0",
      "resolved": "https://registry.npmjs.org/ts-toolbelt/-/ts-toolbelt-8.4.0.tgz",
      "integrity": "sha512-hnGJXIgC49ZuF5g5oDthoge8t4cvT0dYg2pYO5C6yV/HmUUy1koooU2U/5K2N+Uw++hcXQpJAToLRa+GRp28Sg=="
    },
    "node_modules/util-deprecate": {
      "version": "1.0.2",
      "resolved": "https://registry.npmjs.org/util-deprecate/-/util-deprecate-1.0.2.tgz",
      "integrity": "sha1-RQ1Nyfpw3nMnYvvS1KKJgUGaDM8="
    },
    "node_modules/wrappy": {
      "version": "1.0.2",
      "resolved": "https://registry.npmjs.org/wrappy/-/wrappy-1.0.2.tgz",
      "integrity": "sha1-tSQ9jz7BqjXxNkYFvA0QNuMKtp8="
    },
    "node_modules/ws": {
      "version": "7.4.5",
      "resolved": "https://registry.npmjs.org/ws/-/ws-7.4.5.tgz",
      "integrity": "sha512-xzyu3hFvomRfXKH8vOFMU3OguG6oOvhXMo3xsGy3xWExqaM2dxBbVxuD99O7m3ZUFMvvscsZDqxfgMaRr/Nr1g==",
      "engines": {
        "node": ">=8.3.0"
      }
    }
  },
  "dependencies": {
    "@types/cron": {
      "version": "1.7.2",
      "resolved": "https://registry.npmjs.org/@types/cron/-/cron-1.7.2.tgz",
      "integrity": "sha512-AEpNLRcsVSc5AdseJKNHpz0d4e8+ow+abTaC0fKDbAU86rF1evoFF0oC2fV9FdqtfVXkG2LKshpLTJCFOpyvTg==",
      "dev": true,
      "requires": {
        "@types/node": "*",
        "moment": ">=2.14.0"
      }
    },
    "@types/debug": {
      "version": "4.1.5",
      "resolved": "https://registry.npmjs.org/@types/debug/-/debug-4.1.5.tgz",
      "integrity": "sha512-Q1y515GcOdTHgagaVFhHnIFQ38ygs/kmxdNpvpou+raI9UO3YZcHDngBSYKQklcKlvA7iuQlmIKbzvmxcOE9CQ=="
    },
    "@types/duplexify": {
      "version": "3.6.0",
      "resolved": "https://registry.npmjs.org/@types/duplexify/-/duplexify-3.6.0.tgz",
      "integrity": "sha512-5zOA53RUlzN74bvrSGwjudssD9F3a797sDZQkiYpUOxW+WHaXTCPz4/d5Dgi6FKnOqZ2CpaTo0DhgIfsXAOE/A==",
      "requires": {
        "@types/node": "*"
      }
    },
    "@types/geojson": {
      "version": "7946.0.7",
      "resolved": "https://registry.npmjs.org/@types/geojson/-/geojson-7946.0.7.tgz",
      "integrity": "sha512-wE2v81i4C4Ol09RtsWFAqg3BUitWbHSpSlIo+bNdsCJijO9sjme+zm+73ZMCa/qMC8UEERxzGbvmr1cffo2SiQ=="
    },
    "@types/node": {
      "version": "15.0.1",
      "resolved": "https://registry.npmjs.org/@types/node/-/node-15.0.1.tgz",
      "integrity": "sha512-TMkXt0Ck1y0KKsGr9gJtWGjttxlZnnvDtphxUOSd0bfaR6Q1jle+sPvrzNR1urqYTWMinoKvjKfXUGsumaO1PA=="
    },
    "@types/node-cron": {
      "version": "2.0.3",
      "resolved": "https://registry.npmjs.org/@types/node-cron/-/node-cron-2.0.3.tgz",
      "integrity": "sha512-gwBBGeY2XeYBLE0R01K9Sm2hvNcPGmoloL6aqthA3QmBB1GYXTHIJ42AGZL7bdXBRiwbRV8b6NB5iKpl20R3gw==",
      "dev": true,
      "requires": {
        "@types/tz-offset": "*"
      }
    },
    "@types/tz-offset": {
      "version": "0.0.0",
      "resolved": "https://registry.npmjs.org/@types/tz-offset/-/tz-offset-0.0.0.tgz",
      "integrity": "sha512-XLD/llTSB6EBe3thkN+/I0L+yCTB6sjrcVovQdx2Cnl6N6bTzHmwe/J8mWnsXFgxLrj/emzdv8IR4evKYG2qxQ==",
      "dev": true
    },
    "array-uniq": {
      "version": "1.0.2",
      "resolved": "https://registry.npmjs.org/array-uniq/-/array-uniq-1.0.2.tgz",
      "integrity": "sha1-X8w3OSB3VyPP1k1lxkvvU7+eum0="
    },
    "cron": {
      "version": "1.8.2",
      "resolved": "https://registry.npmjs.org/cron/-/cron-1.8.2.tgz",
      "integrity": "sha512-Gk2c4y6xKEO8FSAUTklqtfSr7oTq0CiPQeLBG5Fl0qoXpZyMcj1SG59YL+hqq04bu6/IuEA7lMkYDAplQNKkyg==",
      "requires": {
        "moment-timezone": "^0.5.x"
      }
    },
    "dank-twitch-irc": {
      "version": "4.3.0",
      "resolved": "https://registry.npmjs.org/dank-twitch-irc/-/dank-twitch-irc-4.3.0.tgz",
      "integrity": "sha512-6ezjPDzwhOhifsiUhllmojlmkrDwMS/TbFVdVOTtq1KcKBzDYPAcpZN8d1jUUf1ICWVu85Dx9Xe66gErbabTYA==",
      "requires": {
        "@types/debug": "^4.1.5",
        "@types/duplexify": "^3.6.0",
        "debug-logger": "^0.4.1",
        "duplexify": "^4.1.1",
        "eventemitter3": "^4.0.7",
        "lodash.camelcase": "^4.3.0",
        "lodash.pickby": "^4.6.0",
        "make-error-cause": "^2.3.0",
        "ms": "^2.1.3",
        "randomstring": "^1.1.5",
        "semaphore-async-await": "^1.5.1",
        "simple-websocket": "^9.0.0",
        "split2": "^3.2.1",
        "ts-toolbelt": "^8.0.3"
      }
    },
    "debug": {
      "version": "2.6.9",
      "resolved": "https://registry.npmjs.org/debug/-/debug-2.6.9.tgz",
      "integrity": "sha512-bC7ElrdJaJnPbAP+1EotYvqZsb3ecl5wi6Bfi6BJTUcNowp6cvspg0jXznRTKDjm/E7AdgFBVeAPVMNcKGsHMA==",
      "requires": {
        "ms": "2.0.0"
      },
      "dependencies": {
        "ms": {
          "version": "2.0.0",
          "resolved": "https://registry.npmjs.org/ms/-/ms-2.0.0.tgz",
          "integrity": "sha1-VgiurfwAvmwpAd9fmGF4jeDVl8g="
        }
      }
    },
    "debug-logger": {
      "version": "0.4.1",
      "resolved": "https://registry.npmjs.org/debug-logger/-/debug-logger-0.4.1.tgz",
      "integrity": "sha1-4zhJw2njzTYbULKZ1xylIkuqGuE=",
      "requires": {
        "debug": "^2.1.0"
      }
    },
    "denque": {
      "version": "1.5.0",
      "resolved": "https://registry.npmjs.org/denque/-/denque-1.5.0.tgz",
      "integrity": "sha512-CYiCSgIF1p6EUByQPlGkKnP1M9g0ZV3qMIrqMqZqdwazygIA/YP2vrbcyl1h/WppKJTdl1F85cXIle+394iDAQ=="
    },
    "duplexify": {
      "version": "4.1.1",
      "resolved": "https://registry.npmjs.org/duplexify/-/duplexify-4.1.1.tgz",
      "integrity": "sha512-DY3xVEmVHTv1wSzKNbwoU6nVjzI369Y6sPoqfYr0/xlx3IdX2n94xIszTcjPO8W8ZIv0Wb0PXNcjuZyT4wiICA==",
      "requires": {
        "end-of-stream": "^1.4.1",
        "inherits": "^2.0.3",
        "readable-stream": "^3.1.1",
        "stream-shift": "^1.0.0"
      }
    },
    "end-of-stream": {
      "version": "1.4.4",
      "resolved": "https://registry.npmjs.org/end-of-stream/-/end-of-stream-1.4.4.tgz",
      "integrity": "sha512-+uw1inIHVPQoaVuHzRyXd21icM+cnt4CzD5rW+NC1wjOUSTOs+Te7FOv7AhN7vS9x/oIyhLP5PR1H+phQAHu5Q==",
      "requires": {
        "once": "^1.4.0"
      }
    },
    "eventemitter3": {
      "version": "4.0.7",
      "resolved": "https://registry.npmjs.org/eventemitter3/-/eventemitter3-4.0.7.tgz",
      "integrity": "sha512-8guHBZCwKnFhYdHr2ysuRWErTwhoN2X8XELRlrRwpmfeY2jjuUN4taQMsULKUVo1K4DvZl+0pgfyoysHxvmvEw=="
    },
    "ghor": {
      "version": "1.0.0",
      "resolved": "https://registry.npmjs.org/ghor/-/ghor-1.0.0.tgz",
      "integrity": "sha512-YOE+3sNXP/7uHCTLdxDUzEhy/cA9WhRxCgoGNo04p3sJRnlYCTTECYHMtLIfjryitZpLN70teWmWe4hShVaGfw=="
    },
    "iconv-lite": {
      "version": "0.6.2",
      "resolved": "https://registry.npmjs.org/iconv-lite/-/iconv-lite-0.6.2.tgz",
      "integrity": "sha512-2y91h5OpQlolefMPmUlivelittSWy0rP+oYVpn6A7GwVHNE8AWzoYOBNmlwks3LobaJxgHCYZAnyNo2GgpNRNQ==",
      "requires": {
        "safer-buffer": ">= 2.1.2 < 3.0.0"
      }
    },
    "inherits": {
      "version": "2.0.4",
      "resolved": "https://registry.npmjs.org/inherits/-/inherits-2.0.4.tgz",
      "integrity": "sha512-k/vGaX4/Yla3WzyMCvTQOXYeIHvqOKtnqBduzTHpzpQZzAskKMhZ2K+EnBiSM9zGSoIFeMpXKxa4dYeZIQqewQ=="
    },
    "lodash.camelcase": {
      "version": "4.3.0",
      "resolved": "https://registry.npmjs.org/lodash.camelcase/-/lodash.camelcase-4.3.0.tgz",
      "integrity": "sha1-soqmKIorn8ZRA1x3EfZathkDMaY="
    },
    "lodash.pickby": {
      "version": "4.6.0",
      "resolved": "https://registry.npmjs.org/lodash.pickby/-/lodash.pickby-4.6.0.tgz",
      "integrity": "sha1-feoh2MGNdwOifHBMFdO4SmfjOv8="
    },
    "long": {
      "version": "4.0.0",
      "resolved": "https://registry.npmjs.org/long/-/long-4.0.0.tgz",
      "integrity": "sha512-XsP+KhQif4bjX1kbuSiySJFNAehNxgLb6hPRGJ9QsUr8ajHkuXGdrHmFUTUUXhDwVX2R5bY4JNZEwbUiMhV+MA=="
    },
    "make-error": {
      "version": "1.3.6",
      "resolved": "https://registry.npmjs.org/make-error/-/make-error-1.3.6.tgz",
      "integrity": "sha512-s8UhlNe7vPKomQhC1qFelMokr/Sc3AgNbso3n74mVPA5LTZwkB9NlXf4XPamLxJE8h0gh73rM94xvwRT2CVInw=="
    },
    "make-error-cause": {
      "version": "2.3.0",
      "resolved": "https://registry.npmjs.org/make-error-cause/-/make-error-cause-2.3.0.tgz",
      "integrity": "sha512-etgt+n4LlOkGSJbBTV9VROHA5R7ekIPS4vfh+bCAoJgRrJWdqJCBbpS3osRJ/HrT7R68MzMiY3L3sDJ/Fd8aBg==",
      "requires": {
        "make-error": "^1.3.5"
      }
    },
    "mariadb": {
      "version": "2.5.3",
      "resolved": "https://registry.npmjs.org/mariadb/-/mariadb-2.5.3.tgz",
      "integrity": "sha512-9ZbQ1zLqasLCQy6KDcPHtX7EUIMBlQ8p64gNR61+yfpCIWjPDji3aR56LvwbOz1QnQbVgYBOJ4J/pHoFN5MR+w==",
      "requires": {
        "@types/geojson": "^7946.0.7",
        "@types/node": "^14.14.28",
        "denque": "^1.4.1",
        "iconv-lite": "^0.6.2",
        "long": "^4.0.0",
        "moment-timezone": "^0.5.33",
        "please-upgrade-node": "^3.2.0"
      },
      "dependencies": {
        "@types/node": {
          "version": "14.14.45",
          "resolved": "https://registry.npmjs.org/@types/node/-/node-14.14.45.tgz",
          "integrity": "sha512-DssMqTV9UnnoxDWu959sDLZzfvqCF0qDNRjaWeYSui9xkFe61kKo4l1TWNTQONpuXEm+gLMRvdlzvNHBamzmEw=="
        }
      }
    },
    "moment": {
      "version": "2.29.1",
      "resolved": "https://registry.npmjs.org/moment/-/moment-2.29.1.tgz",
      "integrity": "sha512-kHmoybcPV8Sqy59DwNDY3Jefr64lK/by/da0ViFcuA4DH0vQg5Q6Ze5VimxkfQNSC+Mls/Kx53s7TjP1RhFEDQ=="
    },
    "moment-timezone": {
      "version": "0.5.33",
      "resolved": "https://registry.npmjs.org/moment-timezone/-/moment-timezone-0.5.33.tgz",
      "integrity": "sha512-PTc2vcT8K9J5/9rDEPe5czSIKgLoGsH8UNpA4qZTVw0Vd/Uz19geE9abbIOQKaAQFcnQ3v5YEXrbSc5BpshH+w==",
      "requires": {
        "moment": ">= 2.9.0"
      }
    },
    "ms": {
      "version": "2.1.3",
      "resolved": "https://registry.npmjs.org/ms/-/ms-2.1.3.tgz",
      "integrity": "sha512-6FlzubTLZG3J2a/NVCAleEhjzq5oxgHyaCU9yYXvcLsvoVaHJq/s5xXI6/XXP6tz7R9xAOtHnSO/tXtF3WRTlA=="
    },
    "once": {
      "version": "1.4.0",
      "resolved": "https://registry.npmjs.org/once/-/once-1.4.0.tgz",
      "integrity": "sha1-WDsap3WWHUsROsF9nFC6753Xa9E=",
      "requires": {
        "wrappy": "1"
      }
    },
    "please-upgrade-node": {
      "version": "3.2.0",
      "resolved": "https://registry.npmjs.org/please-upgrade-node/-/please-upgrade-node-3.2.0.tgz",
      "integrity": "sha512-gQR3WpIgNIKwBMVLkpMUeR3e1/E1y42bqDQZfql+kDeXd8COYfM8PQA4X6y7a8u9Ua9FHmsrrmirW2vHs45hWg==",
      "requires": {
        "semver-compare": "^1.0.0"
      }
    },
    "queue-microtask": {
      "version": "1.2.3",
      "resolved": "https://registry.npmjs.org/queue-microtask/-/queue-microtask-1.2.3.tgz",
      "integrity": "sha512-NuaNSa6flKT5JaSYQzJok04JzTL1CA6aGhv5rfLW3PgqA+M2ChpZQnAC8h8i4ZFkBS8X5RqkDBHA7r4hej3K9A=="
    },
    "randombytes": {
      "version": "2.1.0",
      "resolved": "https://registry.npmjs.org/randombytes/-/randombytes-2.1.0.tgz",
      "integrity": "sha512-vYl3iOX+4CKUWuxGi9Ukhie6fsqXqS9FE2Zaic4tNFD2N2QQaXOMFbuKK4QmDHC0JO6B1Zp41J0LpT0oR68amQ==",
      "requires": {
        "safe-buffer": "^5.1.0"
      }
    },
    "randomstring": {
      "version": "1.1.5",
      "resolved": "https://registry.npmjs.org/randomstring/-/randomstring-1.1.5.tgz",
      "integrity": "sha1-bfBij3XL1ZMpMNn+OrTpVqGFGMM=",
      "requires": {
        "array-uniq": "1.0.2"
      }
    },
    "readable-stream": {
      "version": "3.6.0",
      "resolved": "https://registry.npmjs.org/readable-stream/-/readable-stream-3.6.0.tgz",
      "integrity": "sha512-BViHy7LKeTz4oNnkcLJ+lVSL6vpiFeX6/d3oSH8zCW7UxP2onchk+vTGB143xuFjHS3deTgkKoXXymXqymiIdA==",
      "requires": {
        "inherits": "^2.0.3",
        "string_decoder": "^1.1.1",
        "util-deprecate": "^1.0.1"
      }
    },
    "safe-buffer": {
      "version": "5.2.1",
      "resolved": "https://registry.npmjs.org/safe-buffer/-/safe-buffer-5.2.1.tgz",
      "integrity": "sha512-rp3So07KcdmmKbGvgaNxQSJr7bGVSVk5S9Eq1F+ppbRo70+YeaDxkw5Dd8NPN+GD6bjnYm2VuPuCXmpuYvmCXQ=="
    },
    "safer-buffer": {
      "version": "2.1.2",
      "resolved": "https://registry.npmjs.org/safer-buffer/-/safer-buffer-2.1.2.tgz",
      "integrity": "sha512-YZo3K82SD7Riyi0E1EQPojLz7kpepnSQI9IyPbHHg1XXXevb5dJI7tpyN2ADxGcQbHG7vcyRHk0cbwqcQriUtg=="
    },
    "semaphore-async-await": {
      "version": "1.5.1",
      "resolved": "https://registry.npmjs.org/semaphore-async-await/-/semaphore-async-await-1.5.1.tgz",
      "integrity": "sha1-hXvvXjZEYBykuVcLh+nfXKEpdPo="
    },
    "semver-compare": {
      "version": "1.0.0",
      "resolved": "https://registry.npmjs.org/semver-compare/-/semver-compare-1.0.0.tgz",
      "integrity": "sha1-De4hahyUGrN+nvsXiPavxf9VN/w="
    },
    "simple-websocket": {
      "version": "9.1.0",
      "resolved": "https://registry.npmjs.org/simple-websocket/-/simple-websocket-9.1.0.tgz",
      "integrity": "sha512-8MJPnjRN6A8UCp1I+H/dSFyjwJhp6wta4hsVRhjf8w9qBHRzxYt14RaOcjvQnhD1N4yKOddEjflwMnQM4VtXjQ==",
      "requires": {
        "debug": "^4.3.1",
        "queue-microtask": "^1.2.2",
        "randombytes": "^2.1.0",
        "readable-stream": "^3.6.0",
        "ws": "^7.4.2"
      },
      "dependencies": {
        "debug": {
          "version": "4.3.1",
          "resolved": "https://registry.npmjs.org/debug/-/debug-4.3.1.tgz",
          "integrity": "sha512-doEwdvm4PCeK4K3RQN2ZC2BYUBaxwLARCqZmMjtF8a51J2Rb0xpVloFRnCODwqjpwnAoao4pelN8l3RJdv3gRQ==",
          "requires": {
            "ms": "2.1.2"
          }
        },
        "ms": {
          "version": "2.1.2",
          "resolved": "https://registry.npmjs.org/ms/-/ms-2.1.2.tgz",
          "integrity": "sha512-sGkPx+VjMtmA6MX27oA4FBFELFCZZ4S4XqeGOXCv68tT+jb3vk/RyaKWP0PTKyWtmLSM0b+adUTEvbs1PEaH2w=="
        }
      }
    },
    "split2": {
      "version": "3.2.2",
      "resolved": "https://registry.npmjs.org/split2/-/split2-3.2.2.tgz",
      "integrity": "sha512-9NThjpgZnifTkJpzTZ7Eue85S49QwpNhZTq6GRJwObb6jnLFNGB7Qm73V5HewTROPyxD0C29xqmaI68bQtV+hg==",
      "requires": {
        "readable-stream": "^3.0.0"
      }
    },
    "stream-shift": {
      "version": "1.0.1",
      "resolved": "https://registry.npmjs.org/stream-shift/-/stream-shift-1.0.1.tgz",
      "integrity": "sha512-AiisoFqQ0vbGcZgQPY1cdP2I76glaVA/RauYR4G4thNFgkTqr90yXTo4LYX60Jl+sIlPNHHdGSwo01AvbKUSVQ=="
    },
    "string_decoder": {
      "version": "1.3.0",
      "resolved": "https://registry.npmjs.org/string_decoder/-/string_decoder-1.3.0.tgz",
      "integrity": "sha512-hkRX8U1WjJFd8LsDJ2yQ/wWWxaopEsABU1XfkM8A+j0+85JAGppt16cr1Whg6KIbb4okU6Mql6BOj+uup/wKeA==",
      "requires": {
        "safe-buffer": "~5.2.0"
      }
    },
    "supi-core-query": {
      "version": "git+ssh://git@github.com/notnotquinn/supi-core.git#79c2aa425ee9c6e16a21c8faab9125062df691b6",
      "from": "supi-core-query@github:notnotquinn/supi-core#wanduct-dependant",
      "requires": {
        "mariadb": "^2.5.2"
      }
    },
    "ts-toolbelt": {
      "version": "8.4.0",
      "resolved": "https://registry.npmjs.org/ts-toolbelt/-/ts-toolbelt-8.4.0.tgz",
      "integrity": "sha512-hnGJXIgC49ZuF5g5oDthoge8t4cvT0dYg2pYO5C6yV/HmUUy1koooU2U/5K2N+Uw++hcXQpJAToLRa+GRp28Sg=="
    },
    "util-deprecate": {
      "version": "1.0.2",
      "resolved": "https://registry.npmjs.org/util-deprecate/-/util-deprecate-1.0.2.tgz",
      "integrity": "sha1-RQ1Nyfpw3nMnYvvS1KKJgUGaDM8="
    },
    "wrappy": {
      "version": "1.0.2",
      "resolved": "https://registry.npmjs.org/wrappy/-/wrappy-1.0.2.tgz",
      "integrity": "sha1-tSQ9jz7BqjXxNkYFvA0QNuMKtp8="
    },
    "ws": {
      "version": "7.4.5",
      "resolved": "https://registry.npmjs.org/ws/-/ws-7.4.5.tgz",
      "integrity": "sha512-xzyu3hFvomRfXKH8vOFMU3OguG6oOvhXMo3xsGy3xWExqaM2dxBbVxuD99O7m3ZUFMvvscsZDqxfgMaRr/Nr1g=="
    }
  }
}
